{
  "name": "@financial-times/ef-runtime",
  "version": "1.0.0",
  "lockfileVersion": 2,
  "requires": true,
  "packages": {
    "": {
      "name": "@financial-times/ef-runtime",
      "version": "1.0.0",
      "license": "ISC",
      "workspaces": [
        "packages/ef-runtime-client",
        "packages/ef-runtime-server",
        "packages/ef-runtime-library"
      ]
    },
    "node_modules/@types/node": {
      "version": "20.6.5",
      "resolved": "https://registry.npmjs.org/@types/node/-/node-20.6.5.tgz",
      "integrity": "sha512-2qGq5LAOTh9izcc0+F+dToFigBWiK1phKPt7rNhOqJSr35y8rlIBjDwGtFSgAI6MGIhjwOVNSQZVdJsZJ2uR1w==",
      "dev": true
    },
    "node_modules/@types/systemjs": {
      "version": "6.13.3",
      "resolved": "https://registry.npmjs.org/@types/systemjs/-/systemjs-6.13.3.tgz",
      "integrity": "sha512-y+YbooRJv77KiKo9uoivF5Vwu9DcQQw0GmqocqozISnuYTFI7JKlfP0XquXwVmRE0JcxIoYVtfYTYEnq2vvVxg==",
      "dev": true
    },
    "node_modules/ef-runtime-client": {
      "resolved": "packages/ef-runtime-client",
      "link": true
    },
    "node_modules/ef-runtime-library": {
      "resolved": "packages/ef-runtime-library",
      "link": true
    },
    "node_modules/ef-runtime-server": {
      "resolved": "packages/ef-runtime-server",
      "link": true
    },
    "node_modules/systemjs": {
      "version": "6.14.2",
      "resolved": "https://registry.npmjs.org/systemjs/-/systemjs-6.14.2.tgz",
      "integrity": "sha512-1TlOwvKWdXxAY9vba+huLu99zrQURDWA8pUTYsRIYDZYQbGyK+pyEP4h4dlySsqo7ozyJBmYD20F+iUHhAltEg=="
    },
    "node_modules/typescript": {
      "version": "5.2.2",
      "resolved": "https://registry.npmjs.org/typescript/-/typescript-5.2.2.tgz",
      "integrity": "sha512-mI4WrpHsbCIcwT9cF4FZvr80QUeKvsUsUvKDoR+X/7XHQH98xYD8YHZg7ANtz2GtZt/CBq2QJ0thkGJMHfqc1w==",
      "bin": {
        "tsc": "bin/tsc",
        "tsserver": "bin/tsserver"
      },
      "engines": {
        "node": ">=14.17"
      }
    },
    "packages/ef-runtime-client": {
      "version": "1.0.0",
      "license": "ISC",
      "dependencies": {
        "systemjs": "^6.14.2",
        "typescript": "^5.2.2"
      },
      "devDependencies": {
        "@types/node": "^20.6.5",
        "@types/systemjs": "^6.13.3"
      }
    },
    "packages/ef-runtime-library": {
      "version": "1.0.0",
      "license": "ISC"
    },
    "packages/ef-runtime-server": {
      "version": "1.0.0",
      "license": "ISC"
    }
  },
  "dependencies": {
    "@types/node": {
      "version": "20.6.5",
      "resolved": "https://registry.npmjs.org/@types/node/-/node-20.6.5.tgz",
      "integrity": "sha512-2qGq5LAOTh9izcc0+F+dToFigBWiK1phKPt7rNhOqJSr35y8rlIBjDwGtFSgAI6MGIhjwOVNSQZVdJsZJ2uR1w==",
      "dev": true
    },
    "@types/systemjs": {
      "version": "6.13.3",
      "resolved": "https://registry.npmjs.org/@types/systemjs/-/systemjs-6.13.3.tgz",
      "integrity": "sha512-y+YbooRJv77KiKo9uoivF5Vwu9DcQQw0GmqocqozISnuYTFI7JKlfP0XquXwVmRE0JcxIoYVtfYTYEnq2vvVxg==",
      "dev": true
    },
    "ef-runtime-client": {
      "version": "file:packages/ef-runtime-client",
      "requires": {
        "@types/node": "*",
        "@types/systemjs": "^6.13.3",
        "systemjs": "^6.14.2",
        "typescript": "^5.2.2"
      }
    },
    "ef-runtime-library": {
      "version": "file:packages/ef-runtime-library"
    },
    "ef-runtime-server": {
      "version": "file:packages/ef-runtime-server"
    },
    "systemjs": {
      "version": "6.14.2",
      "resolved": "https://registry.npmjs.org/systemjs/-/systemjs-6.14.2.tgz",
      "integrity": "sha512-1TlOwvKWdXxAY9vba+huLu99zrQURDWA8pUTYsRIYDZYQbGyK+pyEP4h4dlySsqo7ozyJBmYD20F+iUHhAltEg=="
    },
    "typescript": {
      "version": "5.2.2",
      "resolved": "https://registry.npmjs.org/typescript/-/typescript-5.2.2.tgz",
      "integrity": "sha512-mI4WrpHsbCIcwT9cF4FZvr80QUeKvsUsUvKDoR+X/7XHQH98xYD8YHZg7ANtz2GtZt/CBq2QJ0thkGJMHfqc1w=="
    }
  }
}
